// !$*UTF8*$!
{
	archiveVersion = 1;
	classes = {
	};
	objectVersion = 48;
	objects = {

/* Begin PBXBuildFile section */
		9D1475641F5CFE0D00C7AD0F /* FrameExtractor.swift in Sources */ = {isa = PBXBuildFile; fileRef = 9D1475631F5CFE0D00C7AD0F /* FrameExtractor.swift */; };
		9DEF42371F5C7BCB008ABF58 /* AppDelegate.swift in Sources */ = {isa = PBXBuildFile; fileRef = 9DEF42361F5C7BCB008ABF58 /* AppDelegate.swift */; };
		9DEF42391F5C7BCB008ABF58 /* ViewController.swift in Sources */ = {isa = PBXBuildFile; fileRef = 9DEF42381F5C7BCB008ABF58 /* ViewController.swift */; };
		9DEF423C1F5C7BCB008ABF58 /* Main.storyboard in Resources */ = {isa = PBXBuildFile; fileRef = 9DEF423A1F5C7BCB008ABF58 /* Main.storyboard */; };
		9DEF423E1F5C7BCB008ABF58 /* Assets.xcassets in Resources */ = {isa = PBXBuildFile; fileRef = 9DEF423D1F5C7BCB008ABF58 /* Assets.xcassets */; };
		9DEF42411F5C7BCB008ABF58 /* LaunchScreen.storyboard in Resources */ = {isa = PBXBuildFile; fileRef = 9DEF423F1F5C7BCB008ABF58 /* LaunchScreen.storyboard */; };
/* End PBXBuildFile section */

/* Begin PBXFileReference section */
		9D1475631F5CFE0D00C7AD0F /* FrameExtractor.swift */ = {isa = PBXFileReference; lastKnownFileType = sourcecode.swift; path = FrameExtractor.swift; sourceTree = "<group>"; };
		9DEF42331F5C7BCB008ABF58 /* SeeYumYum.app */ = {isa = PBXFileReference; explicitFileType = wrapper.application; includeInIndex = 0; path = SeeYumYum.app; sourceTree = BUILT_PRODUCTS_DIR; };
		9DEF42361F5C7BCB008ABF58 /* AppDelegate.swift */ = {isa = PBXFileReference; lastKnownFileType = sourcecode.swift; path = AppDelegate.swift; sourceTree = "<group>"; };
		9DEF42381F5C7BCB008ABF58 /* ViewController.swift */ = {isa = PBXFileReference; lastKnownFileType = sourcecode.swift; path = ViewController.swift; sourceTree = "<group>"; };
		9DEF423B1F5C7BCB008ABF58 /* Base */ = {isa = PBXFileReference; lastKnownFileType = file.storyboard; name = Base; path = Base.lproj/Main.storyboard; sourceTree = "<group>"; };
		9DEF423D1F5C7BCB008ABF58 /* Assets.xcassets */ = {isa = PBXFileReference; lastKnownFileType = folder.assetcatalog; path = Assets.xcassets; sourceTree = "<group>"; };
		9DEF42401F5C7BCB008ABF58 /* Base */ = {isa = PBXFileReference; lastKnownFileType = file.storyboard; name = Base; path = Base.lproj/LaunchScreen.storyboard; sourceTree = "<group>"; };
		9DEF42421F5C7BCB008ABF58 /* Info.plist */ = {isa = PBXFileReference; lastKnownFileType = text.plist.xml; path = Info.plist; sourceTree = "<group>"; };
/* End PBXFileReference section */

/* Begin PBXFrameworksBuildPhase section */
		9DEF42301F5C7BCB008ABF58 /* Frameworks */ = {
			isa = PBXFrameworksBuildPhase;
			buildActionMask = 2147483647;
			files = (
			);
			runOnlyForDeploymentPostprocessing = 0;
		};
/* End PBXFrameworksBuildPhase section */

/* Begin PBXGroup section */
		9DEF422A1F5C7BCB008ABF58 = {
			isa = PBXGroup;
			children = (
				9DEF42351F5C7BCB008ABF58 /* SeeYumYum */,
				9DEF42341F5C7BCB008ABF58 /* Products */,
			);
			sourceTree = "<group>";
		};
		9DEF42341F5C7BCB008ABF58 /* Products */ = {
			isa = PBXGroup;
			children = (
				9DEF42331F5C7BCB008ABF58 /* SeeYumYum.app */,
			);
			name = Products;
			sourceTree = "<group>";
		};
		9DEF42351F5C7BCB008ABF58 /* SeeYumYum */ = {
			isa = PBXGroup;
			children = (
				9DEF42361F5C7BCB008ABF58 /* AppDelegate.swift */,
				9DEF42381F5C7BCB008ABF58 /* ViewController.swift */,
				9DEF423A1F5C7BCB008ABF58 /* Main.storyboard */,
				9DEF423D1F5C7BCB008ABF58 /* Assets.xcassets */,
				9DEF423F1F5C7BCB008ABF58 /* LaunchScreen.storyboard */,
				9DEF42421F5C7BCB008ABF58 /* Info.plist */,
				9D1475631F5CFE0D00C7AD0F /* FrameExtractor.swift */,
			);
			path = SeeYumYum;
			sourceTree = "<group>";
		};
/* End PBXGroup section */

/* Begin PBXNativeTarget section */
		9DEF42321F5C7BCB008ABF58 /* SeeYumYum */ = {
			isa = PBXNativeTarget;
			buildConfigurationList = 9DEF42451F5C7BCB008ABF58 /* Build configuration list for PBXNativeTarget "SeeYumYum" */;
			buildPhases = (
				9DEF422F1F5C7BCB008ABF58 /* Sources */,
				9DEF42301F5C7BCB008ABF58 /* Frameworks */,
				9DEF42311F5C7BCB008ABF58 /* Resources */,
			);
			buildRules = (
			);
			dependencies = (
			);
			name = SeeYumYum;
			productName = SeeYumYum;
			productReference = 9DEF42331F5C7BCB008ABF58 /* SeeYumYum.app */;
			productType = "com.apple.product-type.application";
		};
/* End PBXNativeTarget section */

/* Begin PBXProject section */
		9DEF422B1F5C7BCB008ABF58 /* Project object */ = {
			isa = PBXProject;
			attributes = {
				LastSwiftUpdateCheck = 0900;
				LastUpgradeCheck = 0900;
				ORGANIZATIONNAME = Vento;
				TargetAttributes = {
					9DEF42321F5C7BCB008ABF58 = {
						CreatedOnToolsVersion = 9.0;
					};
				};
			};
			buildConfigurationList = 9DEF422E1F5C7BCB008ABF58 /* Build configuration list for PBXProject "SeeYumYum" */;
			compatibilityVersion = "Xcode 8.0";
			developmentRegion = en;
			hasScannedForEncodings = 0;
			knownRegions = (
				en,
				Base,
			);
			mainGroup = 9DEF422A1F5C7BCB008ABF58;
			productRefGroup = 9DEF42341F5C7BCB008ABF58 /* Products */;
			projectDirPath = "";
			projectRoot = "";
			targets = (
				9DEF42321F5C7BCB008ABF58 /* SeeYumYum */,
			);
		};
/* End PBXProject section */

/* Begin PBXResourcesBuildPhase section */
		9DEF42311F5C7BCB008ABF58 /* Resources */ = {
			isa = PBXResourcesBuildPhase;
			buildActionMask = 2147483647;
			files = (
				9DEF42411F5C7BCB008ABF58 /* LaunchScreen.storyboard in Resources */,
				9DEF423E1F5C7BCB008ABF58 /* Assets.xcassets in Resources */,
				9DEF423C1F5C7BCB008ABF58 /* Main.storyboard in Resources */,
			);
			runOnlyForDeploymentPostprocessing = 0;
		};
/* End PBXResourcesBuildPhase section */

/* Begin PBXSourcesBuildPhase section */
		9DEF422F1F5C7BCB008ABF58 /* Sources */ = {
			isa = PBXSourcesBuildPhase;
			buildActionMask = 2147483647;
			files = (
				9DEF42391F5C7BCB008ABF58 /* ViewController.swift in Sources */,
				9DEF42371F5C7BCB008ABF58 /* AppDelegate.swift in Sources */,
				9D1475641F5CFE0D00C7AD0F /* FrameExtractor.swift in Sources */,
			);
			runOnlyForDeploymentPostprocessing = 0;
		};
/* End PBXSourcesBuildPhase section */

/* Begin PBXVariantGroup section */
		9DEF423A1F5C7BCB008ABF58 /* Main.storyboard */ = {
			isa = PBXVariantGroup;
			children = (
				9DEF423B1F5C7BCB008ABF58 /* Base */,
			);
			name = Main.storyboard;
			sourceTree = "<group>";
		};
		9DEF423F1F5C7BCB008ABF58 /* LaunchScreen.storyboard */ = {
			isa = PBXVariantGroup;
			children = (
				9DEF42401F5C7BCB008ABF58 /* Base */,
			);
			name = LaunchScreen.storyboard;
			sourceTree = "<group>";
		};
/* End PBXVariantGroup section */

/* Begin XCBuildConfiguration section */
		9DEF42431F5C7BCB008ABF58 /* Debug */ = {
			isa = XCBuildConfiguration;
			buildSettings = {
				ALWAYS_SEARCH_USER_PATHS = NO;
				CLANG_ANALYZER_NONNULL = YES;
				CLANG_ANALYZER_NUMBER_OBJECT_CONVERSION = YES_AGGRESSIVE;
				CLANG_CXX_LANGUAGE_STANDARD = "gnu++14";
				CLANG_CXX_LIBRARY = "libc++";
				CLANG_ENABLE_MODULES = YES;
				CLANG_ENABLE_OBJC_ARC = YES;
				CLANG_WARN_BLOCK_CAPTURE_AUTORELEASING = YES;
				CLANG_WARN_BOOL_CONVERSION = YES;
				CLANG_WARN_COMMA = YES;
				CLANG_WARN_CONSTANT_CONVERSION = YES;
				CLANG_WARN_DIRECT_OBJC_ISA_USAGE = YES_ERROR;
				CLANG_WARN_DOCUMENTATION_COMMENTS = YES;
				CLANG_WARN_EMPTY_BODY = YES;
				CLANG_WARN_ENUM_CONVERSION = YES;
				CLANG_WARN_INFINITE_RECURSION = YES;
				CLANG_WARN_INT_CONVERSION = YES;
				CLANG_WARN_NON_LITERAL_NULL_CONVERSION = YES;
				CLANG_WARN_OBJC_LITERAL_CONVERSION = YES;
				CLANG_WARN_OBJC_ROOT_CLASS = YES_ERROR;
				CLANG_WARN_RANGE_LOOP_ANALYSIS = YES;
				CLANG_WARN_STRICT_PROTOTYPES = YES;
				CLANG_WARN_SUSPICIOUS_MOVE = YES;
				CLANG_WARN_UNGUARDED_AVAILABILITY = YES_AGGRESSIVE;
				CLANG_WARN_UNREACHABLE_CODE = YES;
				CLANG_WARN__DUPLICATE_METHOD_MATCH = YES;
				CODE_SIGN_IDENTITY = "iPhone Developer";
				COPY_PHASE_STRIP = NO;
				DEBUG_INFORMATION_FORMAT = dwarf;
				ENABLE_STRICT_OBJC_MSGSEND = YES;
				ENABLE_TESTABILITY = YES;
				GCC_C_LANGUAGE_STANDARD = gnu11;
				GCC_DYNAMIC_NO_PIC = NO;
				GCC_NO_COMMON_BLOCKS = YES;
				GCC_OPTIMIZATION_LEVEL = 0;
				GCC_PREPROCESSOR_DEFINITIONS = (
					"DEBUG=1",
					"$(inherited)",
				);
				GCC_WARN_64_TO_32_BIT_CONVERSION = YES;
				GCC_WARN_ABOUT_RETURN_TYPE = YES_ERROR;
				GCC_WARN_UNDECLARED_SELECTOR = YES;
				GCC_WARN_UNINITIALIZED_AUTOS = YES_AGGRESSIVE;
				GCC_WARN_UNUSED_FUNCTION = YES;
				GCC_WARN_UNUSED_VARIABLE = YES;
				IPHONEOS_DEPLOYMENT_TARGET = 11.0;
				MTL_ENABLE_DEBUG_INFO = YES;
				ONLY_ACTIVE_ARCH = YES;
				SDKROOT = iphoneos;
				SWIFT_ACTIVE_COMPILATION_CONDITIONS = DEBUG;
				SWIFT_OPTIMIZATION_LEVEL = "-Onone";
			};
			name = Debug;
		};
		9DEF42441F5C7BCB008ABF58 /* Release */ = {
			isa = XCBuildConfiguration;
			buildSettings = {
				ALWAYS_SEARCH_USER_PATHS = NO;
				CLANG_ANALYZER_NONNULL = YES;
				CLANG_ANALYZER_NUMBER_OBJECT_CONVERSION = YES_AGGRESSIVE;
				CLANG_CXX_LANGUAGE_STANDARD = "gnu++14";
				CLANG_CXX_LIBRARY = "libc++";
				CLANG_ENABLE_MODULES = YES;
				CLANG_ENABLE_OBJC_ARC = YES;
				CLANG_WARN_BLOCK_CAPTURE_AUTORELEASING = YES;
				CLANG_WARN_BOOL_CONVERSION = YES;
				CLANG_WARN_COMMA = YES;
				CLANG_WARN_CONSTANT_CONVERSION = YES;
				CLANG_WARN_DIRECT_OBJC_ISA_USAGE = YES_ERROR;
				CLANG_WARN_DOCUMENTATION_COMMENTS = YES;
				CLANG_WARN_EMPTY_BODY = YES;
				CLANG_WARN_ENUM_CONVERSION = YES;
				CLANG_WARN_INFINITE_RECURSION = YES;
				CLANG_WARN_INT_CONVERSION = YES;
				CLANG_WARN_NON_LITERAL_NULL_CONVERSION = YES;
				CLANG_WARN_OBJC_LITERAL_CONVERSION = YES;
				CLANG_WARN_OBJC_ROOT_CLASS = YES_ERROR;
				CLANG_WARN_RANGE_LOOP_ANALYSIS = YES;
				CLANG_WARN_STRICT_PROTOTYPES = YES;
				CLANG_WARN_SUSPICIOUS_MOVE = YES;
				CLANG_WARN_UNGUARDED_AVAILABILITY = YES_AGGRESSIVE;
				CLANG_WARN_UNREACHABLE_CODE = YES;
				CLANG_WARN__DUPLICATE_METHOD_MATCH = YES;
				CODE_SIGN_IDENTITY = "iPhone Developer";
				COPY_PHASE_STRIP = NO;
				DEBUG_INFORMATION_FORMAT = "dwarf-with-dsym";
				ENABLE_NS_ASSERTIONS = NO;
				ENABLE_STRICT_OBJC_MSGSEND = YES;
				GCC_C_LANGUAGE_STANDARD = gnu11;
				GCC_NO_COMMON_BLOCKS = YES;
				GCC_WARN_64_TO_32_BIT_CONVERSION = YES;
				GCC_WARN_ABOUT_RETURN_TYPE = YES_ERROR;
				GCC_WARN_UNDECLARED_SELECTOR = YES;
				GCC_WARN_UNINITIALIZED_AUTOS = YES_AGGRESSIVE;
				GCC_WARN_UNUSED_FUNCTION = YES;
				GCC_WARN_UNUSED_VARIABLE = YES;
				IPHONEOS_DEPLOYMENT_TARGET = 11.0;
				MTL_ENABLE_DEBUG_INFO = NO;
				SDKROOT = iphoneos;
				SWIFT_OPTIMIZATION_LEVEL = "-Owholemodule";
				VALIDATE_PRODUCT = YES;
			};
			name = Release;
		};
		9DEF42461F5C7BCB008ABF58 /* Debug */ = {
			isa = XCBuildConfiguration;
			buildSettings = {
				ASSETCATALOG_COMPILER_APPICON_NAME = AppIcon;
				DEVELOPMENT_TEAM = HD5UELD683;
				INFOPLIST_FILE = SeeYumYum/Info.plist;
				LD_RUNPATH_SEARCH_PATHS = "$(inherited) @executable_path/Frameworks";
				PRODUCT_BUNDLE_IDENTIFIER = ven.yum;
				PRODUCT_NAME = "$(TARGET_NAME)";
				SWIFT_VERSION = 4.0;
				TARGETED_DEVICE_FAMILY = "1,2";
			};
			name = Debug;
		};
		9DEF42471F5C7BCB008ABF58 /* Release */ = {
			isa = XCBuildConfiguration;
			buildSettings = {
				ASSETCATALOG_COMPILER_APPICON_NAME = AppIcon;
				DEVELOPMENT_TEAM = HD5UELD683;
				INFOPLIST_FILE = SeeYumYum/Info.plist;
				LD_RUNPATH_SEARCH_PATHS = "$(inherited) @executable_path/Frameworks";
				PRODUCT_BUNDLE_IDENTIFIER = ven.yum;
				PRODUCT_NAME = "$(TARGET_NAME)";
				SWIFT_VERSION = 4.0;
				TARGETED_DEVICE_FAMILY = "1,2";
			};
			name = Release;
		};
/* End XCBuildConfiguration section */

/* Begin XCConfigurationList section */
		9DEF422E1F5C7BCB008ABF58 /* Build configuration list for PBXProject "SeeYumYum" */ = {
			isa = XCConfigurationList;
			buildConfigurations = (
				9DEF42431F5C7BCB008ABF58 /* Debug */,
				9DEF42441F5C7BCB008ABF58 /* Release */,
			);
			defaultConfigurationIsVisible = 0;
			defaultConfigurationName = Release;
		};
		9DEF42451F5C7BCB008ABF58 /* Build configuration list for PBXNativeTarget "SeeYumYum" */ = {
			isa = XCConfigurationList;
			buildConfigurations = (
				9DEF42461F5C7BCB008ABF58 /* Debug */,
				9DEF42471F5C7BCB008ABF58 /* Release */,
			);
			defaultConfigurationIsVisible = 0;
			defaultConfigurationName = Release;
		};
/* End XCConfigurationList section */
	};
	rootObject = 9DEF422B1F5C7BCB008ABF58 /* Project object */;
}
